// !$*UTF8*$!
{
	archiveVersion = 1;
	classes = {
	};
	objectVersion = 50;
	objects = {

/* Begin PBXBuildFile section */
		28016D2F2592D11800B2FAB7 /* p11-example.txt in Resources */ = {isa = PBXBuildFile; fileRef = 28A159232592CCC900B4B79D /* p11-example.txt */; };
		28016D322592D20000B2FAB7 /* p11-timeout.txt in Resources */ = {isa = PBXBuildFile; fileRef = 28016D312592D20000B2FAB7 /* p11-timeout.txt */; };
		28091F4F25917144008AD8F4 /* p9.swift in Sources */ = {isa = PBXBuildFile; fileRef = 28091F4E25917144008AD8F4 /* p9.swift */; };
		28091F5325917151008AD8F4 /* p9-example.txt in Resources */ = {isa = PBXBuildFile; fileRef = 28091F5225917151008AD8F4 /* p9-example.txt */; };
		280C6AE725A53CBF006CDE2F /* p25.swift in Sources */ = {isa = PBXBuildFile; fileRef = 280C6AE625A53CBF006CDE2F /* p25.swift */; };
		280C6AEA25A53DA4006CDE2F /* p25-example.txt in Resources */ = {isa = PBXBuildFile; fileRef = 280C6AE925A53DA4006CDE2F /* p25-example.txt */; };
		280C6AF225A68F61006CDE2F /* p26.swift in Sources */ = {isa = PBXBuildFile; fileRef = 280C6AF125A68F61006CDE2F /* p26.swift */; };
		28181D31259EA11800C3A58E /* p20.swift in Sources */ = {isa = PBXBuildFile; fileRef = 28181D30259EA11800C3A58E /* p20.swift */; };
		28181D34259EA12C00C3A58E /* p20-example.txt in Resources */ = {isa = PBXBuildFile; fileRef = 28181D33259EA12C00C3A58E /* p20-example.txt */; };
		2838BB8625A3EF61004E3C2D /* p24.swift in Sources */ = {isa = PBXBuildFile; fileRef = 2838BB8525A3EF61004E3C2D /* p24.swift */; };
		2838BB8A25A3EF87004E3C2D /* ListNode.swift in Sources */ = {isa = PBXBuildFile; fileRef = 2838BB8925A3EF87004E3C2D /* ListNode.swift */; };
		2838BB8E25A3EFFF004E3C2D /* p24-example.txt in Resources */ = {isa = PBXBuildFile; fileRef = 2838BB8D25A3EFFF004E3C2D /* p24-example.txt */; };
		2838BB9125A3F05C004E3C2D /* p2-example.txt in Resources */ = {isa = PBXBuildFile; fileRef = 2838BB9025A3F05C004E3C2D /* p2-example.txt */; };
		2838BB9425A3FF15004E3C2D /* p19-example.txt in Resources */ = {isa = PBXBuildFile; fileRef = 2838BB9325A3FF15004E3C2D /* p19-example.txt */; };
		2838BB9725A3FF80004E3C2D /* p21-example.txt in Resources */ = {isa = PBXBuildFile; fileRef = 2838BB9625A3FF80004E3C2D /* p21-example.txt */; };
		2838BB9B25A3FFDC004E3C2D /* p23-example.txt in Resources */ = {isa = PBXBuildFile; fileRef = 2838BB9A25A3FFDC004E3C2D /* p23-example.txt */; };
		283DCE5325956CAD00DC0802 /* p13.swift in Sources */ = {isa = PBXBuildFile; fileRef = 283DCE5225956CAD00DC0802 /* p13.swift */; };
		283DCE5625956CE100DC0802 /* p13-example.txt in Resources */ = {isa = PBXBuildFile; fileRef = 283DCE5525956CE100DC0802 /* p13-example.txt */; };
		283DCE592596B91800DC0802 /* p14.swift in Sources */ = {isa = PBXBuildFile; fileRef = 283DCE582596B91800DC0802 /* p14.swift */; };
		283DCE5D2596B93F00DC0802 /* p14-example.txt in Resources */ = {isa = PBXBuildFile; fileRef = 283DCE5C2596B93F00DC0802 /* p14-example.txt */; };
		283F509825941AF20063DC83 /* p12.swift in Sources */ = {isa = PBXBuildFile; fileRef = 283F509725941AF20063DC83 /* p12.swift */; };
		283F509B25941B210063DC83 /* p12-example.txt in Resources */ = {isa = PBXBuildFile; fileRef = 283F509A25941B210063DC83 /* p12-example.txt */; };
		283F632B259D4FC4007A8E00 /* p19.swift in Sources */ = {isa = PBXBuildFile; fileRef = 283F632A259D4FC4007A8E00 /* p19.swift */; };
		2843B04125882FE0007C371B /* ExampleParser.swift in Sources */ = {isa = PBXBuildFile; fileRef = 2843B04025882FE0007C371B /* ExampleParser.swift */; };
		285D2ED325859A9100B8B84B /* p3-example.txt in Resources */ = {isa = PBXBuildFile; fileRef = 285D2ED225859A9100B8B84B /* p3-example.txt */; };
		285D2EE32586D86E00B8B84B /* Judger.swift in Sources */ = {isa = PBXBuildFile; fileRef = 285D2EE22586D86E00B8B84B /* Judger.swift */; };
		285D2EE62586DE4800B8B84B /* FuncParser.swift in Sources */ = {isa = PBXBuildFile; fileRef = 285D2EE52586DE4800B8B84B /* FuncParser.swift */; };
		285D2EE92586E6DF00B8B84B /* TextParser.swift in Sources */ = {isa = PBXBuildFile; fileRef = 285D2EE82586E6DF00B8B84B /* TextParser.swift */; };
		286F8D61259FFB82001D9E31 /* p21.swift in Sources */ = {isa = PBXBuildFile; fileRef = 286F8D60259FFB82001D9E31 /* p21.swift */; };
		2877ED31258AE70600918C28 /* p4.swift in Sources */ = {isa = PBXBuildFile; fileRef = 2877ED30258AE70600918C28 /* p4.swift */; };
		2877ED34258AE73600918C28 /* p4-example.txt in Resources */ = {isa = PBXBuildFile; fileRef = 2877ED33258AE73600918C28 /* p4-example.txt */; };
		2877ED37258CF9ED00918C28 /* p4-err.txt in Resources */ = {isa = PBXBuildFile; fileRef = 2877ED36258CF9ED00918C28 /* p4-err.txt */; };
		2877ED3A258D009800918C28 /* p4-err2.txt in Resources */ = {isa = PBXBuildFile; fileRef = 2877ED39258D009800918C28 /* p4-err2.txt */; };
		2877ED3D258D12C800918C28 /* p4-err3.txt in Resources */ = {isa = PBXBuildFile; fileRef = 2877ED3C258D12C800918C28 /* p4-err3.txt */; };
		28A159202592CC8700B4B79D /* p11.swift in Sources */ = {isa = PBXBuildFile; fileRef = 28A1591F2592CC8700B4B79D /* p11.swift */; };
		28B51662259815B40006D557 /* p15.swift in Sources */ = {isa = PBXBuildFile; fileRef = 28B51661259815B40006D557 /* p15.swift */; };
		28B51665259815CF0006D557 /* p15-example.txt in Resources */ = {isa = PBXBuildFile; fileRef = 28B51664259815CF0006D557 /* p15-example.txt */; };
		28B6BE62257474A1006E4DD6 /* p1.swift in Sources */ = {isa = PBXBuildFile; fileRef = 28B6BE61257474A1006E4DD6 /* p1.swift */; };
		28CE5799259BF4CD00CDA37D /* p18.swift in Sources */ = {isa = PBXBuildFile; fileRef = 28CE5798259BF4CD00CDA37D /* p18.swift */; };
		28CE579C259BF4DB00CDA37D /* p18-example.txt in Resources */ = {isa = PBXBuildFile; fileRef = 28CE579B259BF4DB00CDA37D /* p18-example.txt */; };
		28EF23E025A1579800E07230 /* p22.swift in Sources */ = {isa = PBXBuildFile; fileRef = 28EF23DF25A1579800E07230 /* p22.swift */; };
		28EF23E325A157A300E07230 /* p22-example.txt in Resources */ = {isa = PBXBuildFile; fileRef = 28EF23E225A157A300E07230 /* p22-example.txt */; };
		28F24E9125A29AA400AD15EE /* p23.swift in Sources */ = {isa = PBXBuildFile; fileRef = 28F24E9025A29AA400AD15EE /* p23.swift */; };
		28F98C18259959E100FAB7B3 /* p16.swift in Sources */ = {isa = PBXBuildFile; fileRef = 28F98C17259959E100FAB7B3 /* p16.swift */; };
		28F98C1B25995A0300FAB7B3 /* p16-example.txt in Resources */ = {isa = PBXBuildFile; fileRef = 28F98C1A25995A0300FAB7B3 /* p16-example.txt */; };
		28F98C1F259AA63B00FAB7B3 /* p17.swift in Sources */ = {isa = PBXBuildFile; fileRef = 28F98C1E259AA63B00FAB7B3 /* p17.swift */; };
		28F98C22259AA6A600FAB7B3 /* p17-example.txt in Resources */ = {isa = PBXBuildFile; fileRef = 28F98C21259AA6A600FAB7B3 /* p17-example.txt */; };
		2E150060CD6D7DE152FB9A5A /* p8-example.txt in Resources */ = {isa = PBXBuildFile; fileRef = 2E150B768C15D33C88158328 /* p8-example.txt */; };
		2E15007D8CC24F690F1FD72B /* p8-wa2.txt in Resources */ = {isa = PBXBuildFile; fileRef = 2E150DF93E04C35FC75D9A2C /* p8-wa2.txt */; };
		2E1503255399209492576152 /* p7-example.txt in Resources */ = {isa = PBXBuildFile; fileRef = 2E15088D817E675303865EFC /* p7-example.txt */; };
		2E15047DA44A9FB4695E3EAE /* p8-wa3.txt in Resources */ = {isa = PBXBuildFile; fileRef = 2E1503B7605E21105E5EA7FB /* p8-wa3.txt */; };
		2E1504F61DC3B9390725C02A /* readme.txt in Resources */ = {isa = PBXBuildFile; fileRef = 2E150C0361E49CB2D7E123DD /* readme.txt */; };
		2E1505CD7F3C5A9984DB3DE9 /* p5.swift in Sources */ = {isa = PBXBuildFile; fileRef = 2E150BEEA2D9EB485C0A2DD1 /* p5.swift */; };
		2E150683F71E86704E0774B9 /* p7.swift in Sources */ = {isa = PBXBuildFile; fileRef = 2E150282F5FD0B82CE19FB51 /* p7.swift */; };
		2E1506E9D479AB50D495CACE /* p10.swift in Sources */ = {isa = PBXBuildFile; fileRef = 2E150860468351ABCB11E951 /* p10.swift */; };
		2E1507342D18CF86D7B1F094 /* p2.swift in Sources */ = {isa = PBXBuildFile; fileRef = 2E150FE1ECAA82D50A2B6248 /* p2.swift */; };
		2E1508A793F5BA3BEB4BC955 /* p6-example.txt in Resources */ = {isa = PBXBuildFile; fileRef = 2E150424A87BDB1B93DB7F7A /* p6-example.txt */; };
		2E1508EB27150A4A50EA104F /* p6.swift in Sources */ = {isa = PBXBuildFile; fileRef = 2E1504BA6E5986A5FCFE8012 /* p6.swift */; };
		2E150925BBD54F6E4AFA03C9 /* p8.swift in Sources */ = {isa = PBXBuildFile; fileRef = 2E150327F3A69C69E1F3D199 /* p8.swift */; };
		2E1509E8755F550AA6D255CD /* p7-wa.txt in Resources */ = {isa = PBXBuildFile; fileRef = 2E150205A23EEC42C605B4A1 /* p7-wa.txt */; };
		2E150AB470866AA6F300772B /* p10-example.txt in Resources */ = {isa = PBXBuildFile; fileRef = 2E150AB6CB724E201AF849E5 /* p10-example.txt */; };
		2E150AC73C06DE1C96BF0532 /* p15-wa.txt in Resources */ = {isa = PBXBuildFile; fileRef = 2E150F44E608C117E6FA5226 /* p15-wa.txt */; };
		2E150AEFE2A64DD075B70381 /* p16-wa.txt in Resources */ = {isa = PBXBuildFile; fileRef = 2E1501F5018920A547E71FD4 /* p16-wa.txt */; };
		2E150AF39CCE03D7527846C0 /* p3.swift in Sources */ = {isa = PBXBuildFile; fileRef = 2E150F752E7CB2A02B1EE070 /* p3.swift */; };
		2E150B60E03F0BB99B9ECD02 /* p5-example.txt in Resources */ = {isa = PBXBuildFile; fileRef = 2E15048B92D202B2A19FF2A9 /* p5-example.txt */; };
		2E150D37F9F52D749FD86FDE /* p8-wa.txt in Resources */ = {isa = PBXBuildFile; fileRef = 2E15091C2DC9C42C909A6366 /* p8-wa.txt */; };
		2E150E48005BA16EDAD43B86 /* p6-err.txt in Resources */ = {isa = PBXBuildFile; fileRef = 2E150384CB345663D3450AA7 /* p6-err.txt */; };
/* End PBXBuildFile section */

/* Begin PBXFileReference section */
		28016D312592D20000B2FAB7 /* p11-timeout.txt */ = {isa = PBXFileReference; lastKnownFileType = text; path = "p11-timeout.txt"; sourceTree = "<group>"; };
		28091F4E25917144008AD8F4 /* p9.swift */ = {isa = PBXFileReference; fileEncoding = 4; lastKnownFileType = sourcecode.swift; path = p9.swift; sourceTree = "<group>"; };
		28091F5225917151008AD8F4 /* p9-example.txt */ = {isa = PBXFileReference; fileEncoding = 4; lastKnownFileType = text; path = "p9-example.txt"; sourceTree = "<group>"; };
		280C6AE625A53CBF006CDE2F /* p25.swift */ = {isa = PBXFileReference; lastKnownFileType = sourcecode.swift; path = p25.swift; sourceTree = "<group>"; };
		280C6AE925A53DA4006CDE2F /* p25-example.txt */ = {isa = PBXFileReference; lastKnownFileType = text; path = "p25-example.txt"; sourceTree = "<group>"; };
		280C6AF125A68F61006CDE2F /* p26.swift */ = {isa = PBXFileReference; lastKnownFileType = sourcecode.swift; path = p26.swift; sourceTree = "<group>"; };
		28181D30259EA11800C3A58E /* p20.swift */ = {isa = PBXFileReference; lastKnownFileType = sourcecode.swift; path = p20.swift; sourceTree = "<group>"; };
		28181D33259EA12C00C3A58E /* p20-example.txt */ = {isa = PBXFileReference; lastKnownFileType = text; path = "p20-example.txt"; sourceTree = "<group>"; };
		2838BB8525A3EF61004E3C2D /* p24.swift */ = {isa = PBXFileReference; lastKnownFileType = sourcecode.swift; path = p24.swift; sourceTree = "<group>"; };
		2838BB8925A3EF87004E3C2D /* ListNode.swift */ = {isa = PBXFileReference; lastKnownFileType = sourcecode.swift; path = ListNode.swift; sourceTree = "<group>"; };
		2838BB8D25A3EFFF004E3C2D /* p24-example.txt */ = {isa = PBXFileReference; lastKnownFileType = text; path = "p24-example.txt"; sourceTree = "<group>"; };
		2838BB9025A3F05C004E3C2D /* p2-example.txt */ = {isa = PBXFileReference; lastKnownFileType = text; path = "p2-example.txt"; sourceTree = "<group>"; };
		2838BB9325A3FF15004E3C2D /* p19-example.txt */ = {isa = PBXFileReference; lastKnownFileType = text; path = "p19-example.txt"; sourceTree = "<group>"; };
		2838BB9625A3FF80004E3C2D /* p21-example.txt */ = {isa = PBXFileReference; lastKnownFileType = text; path = "p21-example.txt"; sourceTree = "<group>"; };
		2838BB9A25A3FFDC004E3C2D /* p23-example.txt */ = {isa = PBXFileReference; lastKnownFileType = text; path = "p23-example.txt"; sourceTree = "<group>"; };
		283DCE5225956CAD00DC0802 /* p13.swift */ = {isa = PBXFileReference; lastKnownFileType = sourcecode.swift; path = p13.swift; sourceTree = "<group>"; };
		283DCE5525956CE100DC0802 /* p13-example.txt */ = {isa = PBXFileReference; lastKnownFileType = text; path = "p13-example.txt"; sourceTree = "<group>"; };
		283DCE582596B91800DC0802 /* p14.swift */ = {isa = PBXFileReference; lastKnownFileType = sourcecode.swift; path = p14.swift; sourceTree = "<group>"; };
		283DCE5C2596B93F00DC0802 /* p14-example.txt */ = {isa = PBXFileReference; lastKnownFileType = text; path = "p14-example.txt"; sourceTree = "<group>"; };
		283F509725941AF20063DC83 /* p12.swift */ = {isa = PBXFileReference; lastKnownFileType = sourcecode.swift; path = p12.swift; sourceTree = "<group>"; };
		283F509A25941B210063DC83 /* p12-example.txt */ = {isa = PBXFileReference; lastKnownFileType = text; path = "p12-example.txt"; sourceTree = "<group>"; };
		283F632A259D4FC4007A8E00 /* p19.swift */ = {isa = PBXFileReference; lastKnownFileType = sourcecode.swift; path = p19.swift; sourceTree = "<group>"; };
		2843B04025882FE0007C371B /* ExampleParser.swift */ = {isa = PBXFileReference; lastKnownFileType = sourcecode.swift; path = ExampleParser.swift; sourceTree = "<group>"; };
		285D2ED225859A9100B8B84B /* p3-example.txt */ = {isa = PBXFileReference; lastKnownFileType = text; path = "p3-example.txt"; sourceTree = "<group>"; };
		285D2EE22586D86E00B8B84B /* Judger.swift */ = {isa = PBXFileReference; lastKnownFileType = sourcecode.swift; path = Judger.swift; sourceTree = "<group>"; };
		285D2EE52586DE4800B8B84B /* FuncParser.swift */ = {isa = PBXFileReference; lastKnownFileType = sourcecode.swift; path = FuncParser.swift; sourceTree = "<group>"; };
		285D2EE82586E6DF00B8B84B /* TextParser.swift */ = {isa = PBXFileReference; lastKnownFileType = sourcecode.swift; path = TextParser.swift; sourceTree = "<group>"; };
		286F8D60259FFB82001D9E31 /* p21.swift */ = {isa = PBXFileReference; lastKnownFileType = sourcecode.swift; path = p21.swift; sourceTree = "<group>"; };
		2877ED30258AE70600918C28 /* p4.swift */ = {isa = PBXFileReference; lastKnownFileType = sourcecode.swift; path = p4.swift; sourceTree = "<group>"; };
		2877ED33258AE73600918C28 /* p4-example.txt */ = {isa = PBXFileReference; lastKnownFileType = text; path = "p4-example.txt"; sourceTree = "<group>"; };
		2877ED36258CF9ED00918C28 /* p4-err.txt */ = {isa = PBXFileReference; lastKnownFileType = text; path = "p4-err.txt"; sourceTree = "<group>"; };
		2877ED39258D009800918C28 /* p4-err2.txt */ = {isa = PBXFileReference; lastKnownFileType = text; path = "p4-err2.txt"; sourceTree = "<group>"; };
		2877ED3C258D12C800918C28 /* p4-err3.txt */ = {isa = PBXFileReference; lastKnownFileType = text; path = "p4-err3.txt"; sourceTree = "<group>"; };
		28A1591F2592CC8700B4B79D /* p11.swift */ = {isa = PBXFileReference; lastKnownFileType = sourcecode.swift; path = p11.swift; sourceTree = "<group>"; };
		28A159232592CCC900B4B79D /* p11-example.txt */ = {isa = PBXFileReference; lastKnownFileType = text; path = "p11-example.txt"; sourceTree = "<group>"; };
		28B51661259815B40006D557 /* p15.swift */ = {isa = PBXFileReference; lastKnownFileType = sourcecode.swift; path = p15.swift; sourceTree = "<group>"; };
		28B51664259815CF0006D557 /* p15-example.txt */ = {isa = PBXFileReference; lastKnownFileType = text; path = "p15-example.txt"; sourceTree = "<group>"; };
		28B6BE5325747398006E4DD6 /* Tests.xctest */ = {isa = PBXFileReference; explicitFileType = wrapper.cfbundle; includeInIndex = 0; path = Tests.xctest; sourceTree = BUILT_PRODUCTS_DIR; };
		28B6BE5725747398006E4DD6 /* Info.plist */ = {isa = PBXFileReference; lastKnownFileType = text.plist.xml; path = Info.plist; sourceTree = "<group>"; };
		28B6BE61257474A1006E4DD6 /* p1.swift */ = {isa = PBXFileReference; lastKnownFileType = sourcecode.swift; path = p1.swift; sourceTree = "<group>"; };
		28CE5798259BF4CD00CDA37D /* p18.swift */ = {isa = PBXFileReference; lastKnownFileType = sourcecode.swift; path = p18.swift; sourceTree = "<group>"; };
		28CE579B259BF4DB00CDA37D /* p18-example.txt */ = {isa = PBXFileReference; lastKnownFileType = text; path = "p18-example.txt"; sourceTree = "<group>"; };
		28EF23DF25A1579800E07230 /* p22.swift */ = {isa = PBXFileReference; lastKnownFileType = sourcecode.swift; path = p22.swift; sourceTree = "<group>"; };
		28EF23E225A157A300E07230 /* p22-example.txt */ = {isa = PBXFileReference; lastKnownFileType = text; path = "p22-example.txt"; sourceTree = "<group>"; };
		28F24E9025A29AA400AD15EE /* p23.swift */ = {isa = PBXFileReference; lastKnownFileType = sourcecode.swift; path = p23.swift; sourceTree = "<group>"; };
		28F98C17259959E100FAB7B3 /* p16.swift */ = {isa = PBXFileReference; lastKnownFileType = sourcecode.swift; path = p16.swift; sourceTree = "<group>"; };
		28F98C1A25995A0300FAB7B3 /* p16-example.txt */ = {isa = PBXFileReference; lastKnownFileType = text; path = "p16-example.txt"; sourceTree = "<group>"; };
		28F98C1E259AA63B00FAB7B3 /* p17.swift */ = {isa = PBXFileReference; lastKnownFileType = sourcecode.swift; path = p17.swift; sourceTree = "<group>"; };
		28F98C21259AA6A600FAB7B3 /* p17-example.txt */ = {isa = PBXFileReference; lastKnownFileType = text; path = "p17-example.txt"; sourceTree = "<group>"; };
		2E1501F5018920A547E71FD4 /* p16-wa.txt */ = {isa = PBXFileReference; fileEncoding = 4; lastKnownFileType = text; path = "p16-wa.txt"; sourceTree = "<group>"; };
		2E150205A23EEC42C605B4A1 /* p7-wa.txt */ = {isa = PBXFileReference; fileEncoding = 4; lastKnownFileType = text; path = "p7-wa.txt"; sourceTree = "<group>"; };
		2E150282F5FD0B82CE19FB51 /* p7.swift */ = {isa = PBXFileReference; fileEncoding = 4; lastKnownFileType = sourcecode.swift; path = p7.swift; sourceTree = "<group>"; };
		2E150327F3A69C69E1F3D199 /* p8.swift */ = {isa = PBXFileReference; fileEncoding = 4; lastKnownFileType = sourcecode.swift; path = p8.swift; sourceTree = "<group>"; };
		2E150384CB345663D3450AA7 /* p6-err.txt */ = {isa = PBXFileReference; fileEncoding = 4; lastKnownFileType = text; path = "p6-err.txt"; sourceTree = "<group>"; };
		2E1503B7605E21105E5EA7FB /* p8-wa3.txt */ = {isa = PBXFileReference; fileEncoding = 4; lastKnownFileType = text; path = "p8-wa3.txt"; sourceTree = "<group>"; };
		2E150424A87BDB1B93DB7F7A /* p6-example.txt */ = {isa = PBXFileReference; fileEncoding = 4; lastKnownFileType = text; path = "p6-example.txt"; sourceTree = "<group>"; };
		2E15048B92D202B2A19FF2A9 /* p5-example.txt */ = {isa = PBXFileReference; fileEncoding = 4; lastKnownFileType = text; path = "p5-example.txt"; sourceTree = "<group>"; };
		2E1504BA6E5986A5FCFE8012 /* p6.swift */ = {isa = PBXFileReference; fileEncoding = 4; lastKnownFileType = sourcecode.swift; path = p6.swift; sourceTree = "<group>"; };
		2E150860468351ABCB11E951 /* p10.swift */ = {isa = PBXFileReference; fileEncoding = 4; lastKnownFileType = sourcecode.swift; path = p10.swift; sourceTree = "<group>"; };
		2E15088D817E675303865EFC /* p7-example.txt */ = {isa = PBXFileReference; fileEncoding = 4; lastKnownFileType = text; path = "p7-example.txt"; sourceTree = "<group>"; };
		2E15091C2DC9C42C909A6366 /* p8-wa.txt */ = {isa = PBXFileReference; fileEncoding = 4; lastKnownFileType = text; path = "p8-wa.txt"; sourceTree = "<group>"; };
		2E150AB6CB724E201AF849E5 /* p10-example.txt */ = {isa = PBXFileReference; fileEncoding = 4; lastKnownFileType = text; path = "p10-example.txt"; sourceTree = "<group>"; };
		2E150B768C15D33C88158328 /* p8-example.txt */ = {isa = PBXFileReference; fileEncoding = 4; lastKnownFileType = text; path = "p8-example.txt"; sourceTree = "<group>"; };
		2E150BEEA2D9EB485C0A2DD1 /* p5.swift */ = {isa = PBXFileReference; fileEncoding = 4; lastKnownFileType = sourcecode.swift; path = p5.swift; sourceTree = "<group>"; };
		2E150C0361E49CB2D7E123DD /* readme.txt */ = {isa = PBXFileReference; fileEncoding = 4; lastKnownFileType = text; path = readme.txt; sourceTree = "<group>"; };
		2E150DF93E04C35FC75D9A2C /* p8-wa2.txt */ = {isa = PBXFileReference; fileEncoding = 4; lastKnownFileType = text; path = "p8-wa2.txt"; sourceTree = "<group>"; };
		2E150F44E608C117E6FA5226 /* p15-wa.txt */ = {isa = PBXFileReference; fileEncoding = 4; lastKnownFileType = text; path = "p15-wa.txt"; sourceTree = "<group>"; };
		2E150F752E7CB2A02B1EE070 /* p3.swift */ = {isa = PBXFileReference; fileEncoding = 4; lastKnownFileType = sourcecode.swift; path = p3.swift; sourceTree = "<group>"; };
		2E150FE1ECAA82D50A2B6248 /* p2.swift */ = {isa = PBXFileReference; fileEncoding = 4; lastKnownFileType = sourcecode.swift; path = p2.swift; sourceTree = "<group>"; };
/* End PBXFileReference section */

/* Begin PBXFrameworksBuildPhase section */
		28B6BE5025747398006E4DD6 /* Frameworks */ = {
			isa = PBXFrameworksBuildPhase;
			buildActionMask = 2147483647;
			files = (
			);
			runOnlyForDeploymentPostprocessing = 0;
		};
/* End PBXFrameworksBuildPhase section */

/* Begin PBXGroup section */
		2838BB8825A3EF74004E3C2D /* common */ = {
			isa = PBXGroup;
			children = (
				2838BB8925A3EF87004E3C2D /* ListNode.swift */,
			);
			path = common;
			sourceTree = "<group>";
		};
		285D2ED525859AE900B8B84B /* util */ = {
			isa = PBXGroup;
			children = (
				285D2EE82586E6DF00B8B84B /* TextParser.swift */,
				285D2EE52586DE4800B8B84B /* FuncParser.swift */,
				2843B04025882FE0007C371B /* ExampleParser.swift */,
				285D2EE22586D86E00B8B84B /* Judger.swift */,
			);
			path = util;
			sourceTree = "<group>";
		};
		286F8D5E259FFB61001D9E31 /* p21 */ = {
			isa = PBXGroup;
			children = (
				286F8D60259FFB82001D9E31 /* p21.swift */,
				2838BB9625A3FF80004E3C2D /* p21-example.txt */,
				28EF23DF25A1579800E07230 /* p22.swift */,
				28EF23E225A157A300E07230 /* p22-example.txt */,
				28F24E9025A29AA400AD15EE /* p23.swift */,
				2838BB9A25A3FFDC004E3C2D /* p23-example.txt */,
				2838BB8525A3EF61004E3C2D /* p24.swift */,
				2838BB8D25A3EFFF004E3C2D /* p24-example.txt */,
				280C6AE625A53CBF006CDE2F /* p25.swift */,
				280C6AE925A53DA4006CDE2F /* p25-example.txt */,
				280C6AF125A68F61006CDE2F /* p26.swift */,
			);
			path = p21;
			sourceTree = "<group>";
		};
		287178AE25746E2000FEC3D0 = {
			isa = PBXGroup;
			children = (
				28B6BE5425747398006E4DD6 /* Tests */,
				287178BA25746E6400FEC3D0 /* Products */,
				2E150C0361E49CB2D7E123DD /* readme.txt */,
			);
			sourceTree = "<group>";
		};
		287178BA25746E6400FEC3D0 /* Products */ = {
			isa = PBXGroup;
			children = (
				28B6BE5325747398006E4DD6 /* Tests.xctest */,
			);
			name = Products;
			sourceTree = "<group>";
		};
		28A1591E2592CC7300B4B79D /* p11 */ = {
			isa = PBXGroup;
			children = (
				28A1591F2592CC8700B4B79D /* p11.swift */,
				28A159232592CCC900B4B79D /* p11-example.txt */,
				28016D312592D20000B2FAB7 /* p11-timeout.txt */,
				283F509725941AF20063DC83 /* p12.swift */,
				283F509A25941B210063DC83 /* p12-example.txt */,
				283DCE5225956CAD00DC0802 /* p13.swift */,
				283DCE5525956CE100DC0802 /* p13-example.txt */,
				283DCE582596B91800DC0802 /* p14.swift */,
				283DCE5C2596B93F00DC0802 /* p14-example.txt */,
				28B51661259815B40006D557 /* p15.swift */,
				28B51664259815CF0006D557 /* p15-example.txt */,
				2E150F44E608C117E6FA5226 /* p15-wa.txt */,
				28F98C17259959E100FAB7B3 /* p16.swift */,
				28F98C1A25995A0300FAB7B3 /* p16-example.txt */,
				2E1501F5018920A547E71FD4 /* p16-wa.txt */,
				28F98C1E259AA63B00FAB7B3 /* p17.swift */,
				28F98C21259AA6A600FAB7B3 /* p17-example.txt */,
				28CE5798259BF4CD00CDA37D /* p18.swift */,
				28CE579B259BF4DB00CDA37D /* p18-example.txt */,
				283F632A259D4FC4007A8E00 /* p19.swift */,
				2838BB9325A3FF15004E3C2D /* p19-example.txt */,
				28181D30259EA11800C3A58E /* p20.swift */,
				28181D33259EA12C00C3A58E /* p20-example.txt */,
			);
			path = p11;
			sourceTree = "<group>";
		};
		28B6BE5425747398006E4DD6 /* Tests */ = {
			isa = PBXGroup;
			children = (
				2838BB8825A3EF74004E3C2D /* common */,
				285D2ED525859AE900B8B84B /* util */,
				28B6BE602574747E006E4DD6 /* p1 */,
				28A1591E2592CC7300B4B79D /* p11 */,
				286F8D5E259FFB61001D9E31 /* p21 */,
				28B6BE5725747398006E4DD6 /* Info.plist */,
			);
			path = Tests;
			sourceTree = "<group>";
		};
		28B6BE602574747E006E4DD6 /* p1 */ = {
			isa = PBXGroup;
			children = (
				28B6BE61257474A1006E4DD6 /* p1.swift */,
				2E150FE1ECAA82D50A2B6248 /* p2.swift */,
				2838BB9025A3F05C004E3C2D /* p2-example.txt */,
				2E150F752E7CB2A02B1EE070 /* p3.swift */,
				285D2ED225859A9100B8B84B /* p3-example.txt */,
				2877ED30258AE70600918C28 /* p4.swift */,
				2877ED33258AE73600918C28 /* p4-example.txt */,
				2877ED36258CF9ED00918C28 /* p4-err.txt */,
				2877ED39258D009800918C28 /* p4-err2.txt */,
				2877ED3C258D12C800918C28 /* p4-err3.txt */,
				2E150BEEA2D9EB485C0A2DD1 /* p5.swift */,
				2E15048B92D202B2A19FF2A9 /* p5-example.txt */,
				2E1504BA6E5986A5FCFE8012 /* p6.swift */,
				2E150424A87BDB1B93DB7F7A /* p6-example.txt */,
				2E150384CB345663D3450AA7 /* p6-err.txt */,
				2E15088D817E675303865EFC /* p7-example.txt */,
				2E150282F5FD0B82CE19FB51 /* p7.swift */,
				2E150205A23EEC42C605B4A1 /* p7-wa.txt */,
				2E150B768C15D33C88158328 /* p8-example.txt */,
				2E150327F3A69C69E1F3D199 /* p8.swift */,
				2E15091C2DC9C42C909A6366 /* p8-wa.txt */,
				2E150DF93E04C35FC75D9A2C /* p8-wa2.txt */,
				2E1503B7605E21105E5EA7FB /* p8-wa3.txt */,
				28091F4E25917144008AD8F4 /* p9.swift */,
				28091F5225917151008AD8F4 /* p9-example.txt */,
				2E150860468351ABCB11E951 /* p10.swift */,
				2E150AB6CB724E201AF849E5 /* p10-example.txt */,
			);
			path = p1;
			sourceTree = "<group>";
		};
/* End PBXGroup section */

/* Begin PBXNativeTarget section */
		28B6BE5225747398006E4DD6 /* Tests */ = {
			isa = PBXNativeTarget;
			buildConfigurationList = 28B6BE5825747398006E4DD6 /* Build configuration list for PBXNativeTarget "Tests" */;
			buildPhases = (
				28B6BE4F25747398006E4DD6 /* Sources */,
				28B6BE5025747398006E4DD6 /* Frameworks */,
				28B6BE5125747398006E4DD6 /* Resources */,
			);
			buildRules = (
			);
			dependencies = (
			);
			name = Tests;
			productName = Tests;
			productReference = 28B6BE5325747398006E4DD6 /* Tests.xctest */;
			productType = "com.apple.product-type.bundle.unit-test";
		};
/* End PBXNativeTarget section */

/* Begin PBXProject section */
		287178AF25746E2000FEC3D0 /* Project object */ = {
			isa = PBXProject;
			attributes = {
				LastSwiftUpdateCheck = 1200;
				LastUpgradeCheck = 1220;
				TargetAttributes = {
					28B6BE5225747398006E4DD6 = {
						CreatedOnToolsVersion = 12.0.1;
					};
				};
			};
			buildConfigurationList = 287178B225746E2000FEC3D0 /* Build configuration list for PBXProject "LeetCode" */;
			compatibilityVersion = "Xcode 9.3";
			developmentRegion = en;
			hasScannedForEncodings = 0;
			knownRegions = (
				en,
				Base,
			);
			mainGroup = 287178AE25746E2000FEC3D0;
			productRefGroup = 287178BA25746E6400FEC3D0 /* Products */;
			projectDirPath = "";
			projectRoot = "";
			targets = (
				28B6BE5225747398006E4DD6 /* Tests */,
			);
		};
/* End PBXProject section */

/* Begin PBXResourcesBuildPhase section */
		28B6BE5125747398006E4DD6 /* Resources */ = {
			isa = PBXResourcesBuildPhase;
			buildActionMask = 2147483647;
			files = (
				28016D322592D20000B2FAB7 /* p11-timeout.txt in Resources */,
				28016D2F2592D11800B2FAB7 /* p11-example.txt in Resources */,
				2877ED37258CF9ED00918C28 /* p4-err.txt in Resources */,
				2877ED3A258D009800918C28 /* p4-err2.txt in Resources */,
				285D2ED325859A9100B8B84B /* p3-example.txt in Resources */,
				2877ED3D258D12C800918C28 /* p4-err3.txt in Resources */,
				28F98C1B25995A0300FAB7B3 /* p16-example.txt in Resources */,
				2877ED34258AE73600918C28 /* p4-example.txt in Resources */,
				2E150B60E03F0BB99B9ECD02 /* p5-example.txt in Resources */,
				2E1508A793F5BA3BEB4BC955 /* p6-example.txt in Resources */,
				2E150E48005BA16EDAD43B86 /* p6-err.txt in Resources */,
				2838BB9725A3FF80004E3C2D /* p21-example.txt in Resources */,
				2838BB9B25A3FFDC004E3C2D /* p23-example.txt in Resources */,
				280C6AEA25A53DA4006CDE2F /* p25-example.txt in Resources */,
				2E1503255399209492576152 /* p7-example.txt in Resources */,
				2E1509E8755F550AA6D255CD /* p7-wa.txt in Resources */,
				2838BB8E25A3EFFF004E3C2D /* p24-example.txt in Resources */,
				2E150060CD6D7DE152FB9A5A /* p8-example.txt in Resources */,
				283DCE5D2596B93F00DC0802 /* p14-example.txt in Resources */,
				28CE579C259BF4DB00CDA37D /* p18-example.txt in Resources */,
				28B51665259815CF0006D557 /* p15-example.txt in Resources */,
				2E150D37F9F52D749FD86FDE /* p8-wa.txt in Resources */,
				2E1504F61DC3B9390725C02A /* readme.txt in Resources */,
				283DCE5625956CE100DC0802 /* p13-example.txt in Resources */,
				2E15007D8CC24F690F1FD72B /* p8-wa2.txt in Resources */,
				28091F5325917151008AD8F4 /* p9-example.txt in Resources */,
				2838BB9425A3FF15004E3C2D /* p19-example.txt in Resources */,
				2838BB9125A3F05C004E3C2D /* p2-example.txt in Resources */,
				283F509B25941B210063DC83 /* p12-example.txt in Resources */,
				28181D34259EA12C00C3A58E /* p20-example.txt in Resources */,
				2E15047DA44A9FB4695E3EAE /* p8-wa3.txt in Resources */,
				2E150AB470866AA6F300772B /* p10-example.txt in Resources */,
				28EF23E325A157A300E07230 /* p22-example.txt in Resources */,
				2E150AC73C06DE1C96BF0532 /* p15-wa.txt in Resources */,
				2E150AEFE2A64DD075B70381 /* p16-wa.txt in Resources */,
				28F98C22259AA6A600FAB7B3 /* p17-example.txt in Resources */,
			);
			runOnlyForDeploymentPostprocessing = 0;
		};
/* End PBXResourcesBuildPhase section */

/* Begin PBXSourcesBuildPhase section */
		28B6BE4F25747398006E4DD6 /* Sources */ = {
			isa = PBXSourcesBuildPhase;
			buildActionMask = 2147483647;
			files = (
				285D2EE92586E6DF00B8B84B /* TextParser.swift in Sources */,
				283DCE592596B91800DC0802 /* p14.swift in Sources */,
				2838BB8625A3EF61004E3C2D /* p24.swift in Sources */,
				285D2EE62586DE4800B8B84B /* FuncParser.swift in Sources */,
				2843B04125882FE0007C371B /* ExampleParser.swift in Sources */,
				2838BB8A25A3EF87004E3C2D /* ListNode.swift in Sources */,
				280C6AF225A68F61006CDE2F /* p26.swift in Sources */,
				285D2EE32586D86E00B8B84B /* Judger.swift in Sources */,
				28B6BE62257474A1006E4DD6 /* p1.swift in Sources */,
				2E1507342D18CF86D7B1F094 /* p2.swift in Sources */,
				2E150AF39CCE03D7527846C0 /* p3.swift in Sources */,
				283F509825941AF20063DC83 /* p12.swift in Sources */,
				28B51662259815B40006D557 /* p15.swift in Sources */,
				283DCE5325956CAD00DC0802 /* p13.swift in Sources */,
				2877ED31258AE70600918C28 /* p4.swift in Sources */,
				2E1505CD7F3C5A9984DB3DE9 /* p5.swift in Sources */,
				28F98C1F259AA63B00FAB7B3 /* p17.swift in Sources */,
				28091F4F25917144008AD8F4 /* p9.swift in Sources */,
				286F8D61259FFB82001D9E31 /* p21.swift in Sources */,
				28CE5799259BF4CD00CDA37D /* p18.swift in Sources */,
				28A159202592CC8700B4B79D /* p11.swift in Sources */,
				28F98C18259959E100FAB7B3 /* p16.swift in Sources */,
				28F24E9125A29AA400AD15EE /* p23.swift in Sources */,
				2E1508EB27150A4A50EA104F /* p6.swift in Sources */,
				2E150683F71E86704E0774B9 /* p7.swift in Sources */,
				2E150925BBD54F6E4AFA03C9 /* p8.swift in Sources */,
				280C6AE725A53CBF006CDE2F /* p25.swift in Sources */,
				28EF23E025A1579800E07230 /* p22.swift in Sources */,
				283F632B259D4FC4007A8E00 /* p19.swift in Sources */,
				28181D31259EA11800C3A58E /* p20.swift in Sources */,
				2E1506E9D479AB50D495CACE /* p10.swift in Sources */,
			);
			runOnlyForDeploymentPostprocessing = 0;
		};
/* End PBXSourcesBuildPhase section */

/* Begin XCBuildConfiguration section */
		287178B325746E2000FEC3D0 /* Debug */ = {
			isa = XCBuildConfiguration;
			buildSettings = {
				CLANG_WARN_BLOCK_CAPTURE_AUTORELEASING = YES;
				CLANG_WARN_BOOL_CONVERSION = YES;
				CLANG_WARN_COMMA = YES;
				CLANG_WARN_CONSTANT_CONVERSION = YES;
				CLANG_WARN_DEPRECATED_OBJC_IMPLEMENTATIONS = YES;
				CLANG_WARN_EMPTY_BODY = YES;
				CLANG_WARN_ENUM_CONVERSION = YES;
				CLANG_WARN_INFINITE_RECURSION = YES;
				CLANG_WARN_INT_CONVERSION = YES;
				CLANG_WARN_NON_LITERAL_NULL_CONVERSION = YES;
				CLANG_WARN_OBJC_IMPLICIT_RETAIN_SELF = YES;
				CLANG_WARN_OBJC_LITERAL_CONVERSION = YES;
				CLANG_WARN_QUOTED_INCLUDE_IN_FRAMEWORK_HEADER = YES;
				CLANG_WARN_RANGE_LOOP_ANALYSIS = YES;
				CLANG_WARN_STRICT_PROTOTYPES = YES;
				CLANG_WARN_SUSPICIOUS_MOVE = YES;
				CLANG_WARN_UNREACHABLE_CODE = YES;
				CLANG_WARN__DUPLICATE_METHOD_MATCH = YES;
				ENABLE_STRICT_OBJC_MSGSEND = YES;
				ENABLE_TESTABILITY = YES;
				GCC_NO_COMMON_BLOCKS = YES;
				GCC_WARN_64_TO_32_BIT_CONVERSION = YES;
				GCC_WARN_ABOUT_RETURN_TYPE = YES;
				GCC_WARN_UNDECLARED_SELECTOR = YES;
				GCC_WARN_UNINITIALIZED_AUTOS = YES;
				GCC_WARN_UNUSED_FUNCTION = YES;
				GCC_WARN_UNUSED_VARIABLE = YES;
				ONLY_ACTIVE_ARCH = YES;
			};
			name = Debug;
		};
		287178B425746E2000FEC3D0 /* Release */ = {
			isa = XCBuildConfiguration;
			buildSettings = {
				CLANG_WARN_BLOCK_CAPTURE_AUTORELEASING = YES;
				CLANG_WARN_BOOL_CONVERSION = YES;
				CLANG_WARN_COMMA = YES;
				CLANG_WARN_CONSTANT_CONVERSION = YES;
				CLANG_WARN_DEPRECATED_OBJC_IMPLEMENTATIONS = YES;
				CLANG_WARN_EMPTY_BODY = YES;
				CLANG_WARN_ENUM_CONVERSION = YES;
				CLANG_WARN_INFINITE_RECURSION = YES;
				CLANG_WARN_INT_CONVERSION = YES;
				CLANG_WARN_NON_LITERAL_NULL_CONVERSION = YES;
				CLANG_WARN_OBJC_IMPLICIT_RETAIN_SELF = YES;
				CLANG_WARN_OBJC_LITERAL_CONVERSION = YES;
				CLANG_WARN_QUOTED_INCLUDE_IN_FRAMEWORK_HEADER = YES;
				CLANG_WARN_RANGE_LOOP_ANALYSIS = YES;
				CLANG_WARN_STRICT_PROTOTYPES = YES;
				CLANG_WARN_SUSPICIOUS_MOVE = YES;
				CLANG_WARN_UNREACHABLE_CODE = YES;
				CLANG_WARN__DUPLICATE_METHOD_MATCH = YES;
				ENABLE_STRICT_OBJC_MSGSEND = YES;
				GCC_NO_COMMON_BLOCKS = YES;
				GCC_WARN_64_TO_32_BIT_CONVERSION = YES;
				GCC_WARN_ABOUT_RETURN_TYPE = YES;
				GCC_WARN_UNDECLARED_SELECTOR = YES;
				GCC_WARN_UNINITIALIZED_AUTOS = YES;
				GCC_WARN_UNUSED_FUNCTION = YES;
				GCC_WARN_UNUSED_VARIABLE = YES;
			};
			name = Release;
		};
		28B6BE5925747398006E4DD6 /* Debug */ = {
			isa = XCBuildConfiguration;
			buildSettings = {
				ALWAYS_SEARCH_USER_PATHS = NO;
				CLANG_ANALYZER_NONNULL = YES;
				CLANG_ANALYZER_NUMBER_OBJECT_CONVERSION = YES_AGGRESSIVE;
				CLANG_CXX_LANGUAGE_STANDARD = "gnu++14";
				CLANG_CXX_LIBRARY = "libc++";
				CLANG_ENABLE_MODULES = YES;
				CLANG_ENABLE_OBJC_ARC = YES;
				CLANG_ENABLE_OBJC_WEAK = YES;
				CLANG_WARN_BLOCK_CAPTURE_AUTORELEASING = YES;
				CLANG_WARN_BOOL_CONVERSION = YES;
				CLANG_WARN_COMMA = YES;
				CLANG_WARN_CONSTANT_CONVERSION = YES;
				CLANG_WARN_DEPRECATED_OBJC_IMPLEMENTATIONS = YES;
				CLANG_WARN_DIRECT_OBJC_ISA_USAGE = YES_ERROR;
				CLANG_WARN_DOCUMENTATION_COMMENTS = YES;
				CLANG_WARN_EMPTY_BODY = YES;
				CLANG_WARN_ENUM_CONVERSION = YES;
				CLANG_WARN_INFINITE_RECURSION = YES;
				CLANG_WARN_INT_CONVERSION = YES;
				CLANG_WARN_NON_LITERAL_NULL_CONVERSION = YES;
				CLANG_WARN_OBJC_IMPLICIT_RETAIN_SELF = YES;
				CLANG_WARN_OBJC_LITERAL_CONVERSION = YES;
				CLANG_WARN_OBJC_ROOT_CLASS = YES_ERROR;
				CLANG_WARN_QUOTED_INCLUDE_IN_FRAMEWORK_HEADER = YES;
				CLANG_WARN_RANGE_LOOP_ANALYSIS = YES;
				CLANG_WARN_STRICT_PROTOTYPES = YES;
				CLANG_WARN_SUSPICIOUS_MOVE = YES;
				CLANG_WARN_UNGUARDED_AVAILABILITY = YES_AGGRESSIVE;
				CLANG_WARN_UNREACHABLE_CODE = YES;
				CLANG_WARN__DUPLICATE_METHOD_MATCH = YES;
				CODE_SIGN_IDENTITY = "-";
				CODE_SIGN_STYLE = Manual;
				COMBINE_HIDPI_IMAGES = YES;
				COPY_PHASE_STRIP = NO;
				DEBUG_INFORMATION_FORMAT = dwarf;
				DEVELOPMENT_TEAM = "";
				ENABLE_STRICT_OBJC_MSGSEND = YES;
				ENABLE_TESTABILITY = YES;
				GCC_C_LANGUAGE_STANDARD = gnu11;
				GCC_DYNAMIC_NO_PIC = NO;
				GCC_NO_COMMON_BLOCKS = YES;
				GCC_OPTIMIZATION_LEVEL = 0;
				GCC_PREPROCESSOR_DEFINITIONS = (
					"DEBUG=1",
					"$(inherited)",
				);
				GCC_WARN_64_TO_32_BIT_CONVERSION = YES;
				GCC_WARN_ABOUT_RETURN_TYPE = YES_ERROR;
				GCC_WARN_UNDECLARED_SELECTOR = YES;
				GCC_WARN_UNINITIALIZED_AUTOS = YES_AGGRESSIVE;
				GCC_WARN_UNUSED_FUNCTION = YES;
				GCC_WARN_UNUSED_VARIABLE = YES;
				INFOPLIST_FILE = Tests/Info.plist;
				LD_RUNPATH_SEARCH_PATHS = (
					"$(inherited)",
					"@executable_path/../Frameworks",
					"@loader_path/../Frameworks",
				);
				MACOSX_DEPLOYMENT_TARGET = 10.15;
				MTL_ENABLE_DEBUG_INFO = INCLUDE_SOURCE;
				MTL_FAST_MATH = YES;
				ONLY_ACTIVE_ARCH = YES;
				PRODUCT_BUNDLE_IDENTIFIER = gmail.bellscape.Tests;
				PRODUCT_NAME = "$(TARGET_NAME)";
				PROVISIONING_PROFILE_SPECIFIER = "";
				SDKROOT = macosx;
				SWIFT_ACTIVE_COMPILATION_CONDITIONS = DEBUG;
				SWIFT_OPTIMIZATION_LEVEL = "-Onone";
				SWIFT_VERSION = 5.0;
			};
			name = Debug;
		};
		28B6BE5A25747398006E4DD6 /* Release */ = {
			isa = XCBuildConfiguration;
			buildSettings = {
				ALWAYS_SEARCH_USER_PATHS = NO;
				CLANG_ANALYZER_NONNULL = YES;
				CLANG_ANALYZER_NUMBER_OBJECT_CONVERSION = YES_AGGRESSIVE;
				CLANG_CXX_LANGUAGE_STANDARD = "gnu++14";
				CLANG_CXX_LIBRARY = "libc++";
				CLANG_ENABLE_MODULES = YES;
				CLANG_ENABLE_OBJC_ARC = YES;
				CLANG_ENABLE_OBJC_WEAK = YES;
				CLANG_WARN_BLOCK_CAPTURE_AUTORELEASING = YES;
				CLANG_WARN_BOOL_CONVERSION = YES;
				CLANG_WARN_COMMA = YES;
				CLANG_WARN_CONSTANT_CONVERSION = YES;
				CLANG_WARN_DEPRECATED_OBJC_IMPLEMENTATIONS = YES;
				CLANG_WARN_DIRECT_OBJC_ISA_USAGE = YES_ERROR;
				CLANG_WARN_DOCUMENTATION_COMMENTS = YES;
				CLANG_WARN_EMPTY_BODY = YES;
				CLANG_WARN_ENUM_CONVERSION = YES;
				CLANG_WARN_INFINITE_RECURSION = YES;
				CLANG_WARN_INT_CONVERSION = YES;
				CLANG_WARN_NON_LITERAL_NULL_CONVERSION = YES;
				CLANG_WARN_OBJC_IMPLICIT_RETAIN_SELF = YES;
				CLANG_WARN_OBJC_LITERAL_CONVERSION = YES;
				CLANG_WARN_OBJC_ROOT_CLASS = YES_ERROR;
				CLANG_WARN_QUOTED_INCLUDE_IN_FRAMEWORK_HEADER = YES;
				CLANG_WARN_RANGE_LOOP_ANALYSIS = YES;
				CLANG_WARN_STRICT_PROTOTYPES = YES;
				CLANG_WARN_SUSPICIOUS_MOVE = YES;
				CLANG_WARN_UNGUARDED_AVAILABILITY = YES_AGGRESSIVE;
				CLANG_WARN_UNREACHABLE_CODE = YES;
				CLANG_WARN__DUPLICATE_METHOD_MATCH = YES;
				CODE_SIGN_IDENTITY = "-";
				CODE_SIGN_STYLE = Manual;
				COMBINE_HIDPI_IMAGES = YES;
				COPY_PHASE_STRIP = NO;
				DEBUG_INFORMATION_FORMAT = "dwarf-with-dsym";
				DEVELOPMENT_TEAM = "";
				ENABLE_NS_ASSERTIONS = NO;
				ENABLE_STRICT_OBJC_MSGSEND = YES;
				GCC_C_LANGUAGE_STANDARD = gnu11;
				GCC_NO_COMMON_BLOCKS = YES;
				GCC_WARN_64_TO_32_BIT_CONVERSION = YES;
				GCC_WARN_ABOUT_RETURN_TYPE = YES_ERROR;
				GCC_WARN_UNDECLARED_SELECTOR = YES;
				GCC_WARN_UNINITIALIZED_AUTOS = YES_AGGRESSIVE;
				GCC_WARN_UNUSED_FUNCTION = YES;
				GCC_WARN_UNUSED_VARIABLE = YES;
				INFOPLIST_FILE = Tests/Info.plist;
				LD_RUNPATH_SEARCH_PATHS = (
					"$(inherited)",
					"@executable_path/../Frameworks",
					"@loader_path/../Frameworks",
				);
				MACOSX_DEPLOYMENT_TARGET = 10.15;
				MTL_ENABLE_DEBUG_INFO = NO;
				MTL_FAST_MATH = YES;
				PRODUCT_BUNDLE_IDENTIFIER = gmail.bellscape.Tests;
				PRODUCT_NAME = "$(TARGET_NAME)";
				PROVISIONING_PROFILE_SPECIFIER = "";
				SDKROOT = macosx;
				SWIFT_COMPILATION_MODE = wholemodule;
				SWIFT_OPTIMIZATION_LEVEL = "-O";
				SWIFT_VERSION = 5.0;
			};
			name = Release;
		};
/* End XCBuildConfiguration section */

/* Begin XCConfigurationList section */
		287178B225746E2000FEC3D0 /* Build configuration list for PBXProject "LeetCode" */ = {
			isa = XCConfigurationList;
			buildConfigurations = (
				287178B325746E2000FEC3D0 /* Debug */,
				287178B425746E2000FEC3D0 /* Release */,
			);
			defaultConfigurationIsVisible = 0;
			defaultConfigurationName = Release;
		};
		28B6BE5825747398006E4DD6 /* Build configuration list for PBXNativeTarget "Tests" */ = {
			isa = XCConfigurationList;
			buildConfigurations = (
				28B6BE5925747398006E4DD6 /* Debug */,
				28B6BE5A25747398006E4DD6 /* Release */,
			);
			defaultConfigurationIsVisible = 0;
			defaultConfigurationName = Release;
		};
/* End XCConfigurationList section */
	};
	rootObject = 287178AF25746E2000FEC3D0 /* Project object */;
}
